
Microsoft Visual Studio Solution File, Format Version 12.00
# Visual Studio Version 17
VisualStudioVersion = 17.4.33213.308
MinimumVisualStudioVersion = 10.0.40219.1
Project("{FAE04EC0-301F-11D3-BF4B-00C04F79EFBC}") = "RPNCalculator", "RPNCalculator\RPNCalculator.csproj", "{0F613127-F1ED-49D0-86B3-F4DB4B2059E5}"
EndProject
Global
	GlobalSection(SolutionConfigurationPlatforms) = preSolution
		Debug|Any CPU = Debug|Any CPU
		Release|Any CPU = Release|Any CPU
	EndGlobalSection
	GlobalSection(ProjectConfigurationPlatforms) = postSolution
		{0F613127-F1ED-49D0-86B3-F4DB4B2059E5}.Debug|Any CPU.ActiveCfg = Debug|Any CPU
		{0F613127-F1ED-49D0-86B3-F4DB4B2059E5}.Debug|Any CPU.Build.0 = Debug|Any CPU
		{0F613127-F1ED-49D0-86B3-F4DB4B2059E5}.Release|Any CPU.ActiveCfg = Release|Any CPU
		{0F613127-F1ED-49D0-86B3-F4DB4B2059E5}.Release|Any CPU.Build.0 = Release|Any CPU
	EndGlobalSection
	GlobalSection(SolutionProperties) = preSolution
		HideSolutionNode = FALSE
	EndGlobalSection
	GlobalSection(ExtensibilityGlobals) = postSolution
		SolutionGuid = {1BE037D9-CB2D-4B89-BDE0-FE41936B8257}
	EndGlobalSection
EndGlobal
