
Microsoft Visual Studio Solution File, Format Version 12.00
# Visual Studio Version 17
VisualStudioVersion = 17.1.32421.90
MinimumVisualStudioVersion = 10.0.40219.1
Project("{8BC9CEB8-8B4A-11D0-8D11-00A0C91BC942}") = "Project2Statistics", "Project2Statistics\Project2Statistics.vcxproj", "{DFDDB97C-FE6D-4650-AE49-95A0928C5BCD}"
EndProject
Global
	GlobalSection(SolutionConfigurationPlatforms) = preSolution
		Debug|x64 = Debug|x64
		Debug|x86 = Debug|x86
		Release|x64 = Release|x64
		Release|x86 = Release|x86
	EndGlobalSection
	GlobalSection(ProjectConfigurationPlatforms) = postSolution
		{DFDDB97C-FE6D-4650-AE49-95A0928C5BCD}.Debug|x64.ActiveCfg = Debug|x64
		{DFDDB97C-FE6D-4650-AE49-95A0928C5BCD}.Debug|x64.Build.0 = Debug|x64
		{DFDDB97C-FE6D-4650-AE49-95A0928C5BCD}.Debug|x86.ActiveCfg = Debug|Win32
		{DFDDB97C-FE6D-4650-AE49-95A0928C5BCD}.Debug|x86.Build.0 = Debug|Win32
		{DFDDB97C-FE6D-4650-AE49-95A0928C5BCD}.Release|x64.ActiveCfg = Release|x64
		{DFDDB97C-FE6D-4650-AE49-95A0928C5BCD}.Release|x64.Build.0 = Release|x64
		{DFDDB97C-FE6D-4650-AE49-95A0928C5BCD}.Release|x86.ActiveCfg = Release|Win32
		{DFDDB97C-FE6D-4650-AE49-95A0928C5BCD}.Release|x86.Build.0 = Release|Win32
	EndGlobalSection
	GlobalSection(SolutionProperties) = preSolution
		HideSolutionNode = FALSE
	EndGlobalSection
	GlobalSection(ExtensibilityGlobals) = postSolution
		SolutionGuid = {A41F5ACA-6B5E-4880-96D0-16D6E405A2DD}
	EndGlobalSection
EndGlobal
